
Microsoft Visual Studio Solution File, Format Version 12.00
# Visual Studio Version 17
VisualStudioVersion = 17.5.33530.505
MinimumVisualStudioVersion = 10.0.40219.1
Project("{FAE04EC0-301F-11D3-BF4B-00C04F79EFBC}") = "SkillsUSA_App_1", "SkillsUSA_App_1\SkillsUSA_App_1.csproj", "{32401D2D-C9DB-43FB-A596-B4D4834C1CCE}"
EndProject
Global
	GlobalSection(SolutionConfigurationPlatforms) = preSolution
		Debug|Any CPU = Debug|Any CPU
		Release|Any CPU = Release|Any CPU
	EndGlobalSection
	GlobalSection(ProjectConfigurationPlatforms) = postSolution
		{32401D2D-C9DB-43FB-A596-B4D4834C1CCE}.Debug|Any CPU.ActiveCfg = Debug|Any CPU
		{32401D2D-C9DB-43FB-A596-B4D4834C1CCE}.Debug|Any CPU.Build.0 = Debug|Any CPU
		{32401D2D-C9DB-43FB-A596-B4D4834C1CCE}.Release|Any CPU.ActiveCfg = Release|Any CPU
		{32401D2D-C9DB-43FB-A596-B4D4834C1CCE}.Release|Any CPU.Build.0 = Release|Any CPU
	EndGlobalSection
	GlobalSection(SolutionProperties) = preSolution
		HideSolutionNode = FALSE
	EndGlobalSection
	GlobalSection(ExtensibilityGlobals) = postSolution
		SolutionGuid = {A0803730-548A-4939-B64A-6CB72153601E}
	EndGlobalSection
EndGlobal
