
Microsoft Visual Studio Solution File, Format Version 12.00
# Visual Studio Version 17
VisualStudioVersion = 17.10.35013.160
MinimumVisualStudioVersion = 10.0.40219.1
Project("{FAE04EC0-301F-11D3-BF4B-00C04F79EFBC}") = "Nationals_1126_DiceRoll", "Nationals_1126_DiceRoll\Nationals_1126_DiceRoll.csproj", "{FA668916-8B71-4A89-9C4B-CD3EE31295BD}"
EndProject
Global
	GlobalSection(SolutionConfigurationPlatforms) = preSolution
		Debug|Any CPU = Debug|Any CPU
		Release|Any CPU = Release|Any CPU
	EndGlobalSection
	GlobalSection(ProjectConfigurationPlatforms) = postSolution
		{FA668916-8B71-4A89-9C4B-CD3EE31295BD}.Debug|Any CPU.ActiveCfg = Debug|Any CPU
		{FA668916-8B71-4A89-9C4B-CD3EE31295BD}.Debug|Any CPU.Build.0 = Debug|Any CPU
		{FA668916-8B71-4A89-9C4B-CD3EE31295BD}.Release|Any CPU.ActiveCfg = Release|Any CPU
		{FA668916-8B71-4A89-9C4B-CD3EE31295BD}.Release|Any CPU.Build.0 = Release|Any CPU
	EndGlobalSection
	GlobalSection(SolutionProperties) = preSolution
		HideSolutionNode = FALSE
	EndGlobalSection
	GlobalSection(ExtensibilityGlobals) = postSolution
		SolutionGuid = {AFEB419F-AE2C-4421-9CE9-7C63DC8B1F94}
	EndGlobalSection
EndGlobal
